<Solution>
  <Folder Name="/src/">
    <Project Path="src/Agentd.AppHost/Agentd.AppHost.csproj" />
    <Project Path="src/Agentd.Application/Agentd.Application.csproj" />
    <Project Path="src/Agentd.Bff/Agentd.Bff.csproj" />
    <Project Path="src/Agentd.Domain/Agentd.Domain.csproj" />
    <Project Path="src/Agentd.Host/Agentd.Host.csproj" />
    <Project Path="src/Agentd.Infrastructure.Persistence/Agentd.Infrastructure.Persistence.csproj" />
    <Project Path="src/Agentd.Mcp/Agentd.Mcp.csproj" />
    <Project Path="src/Agentd.Migrator/Agentd.Migrator.csproj" />
    <Project Path="src/Agentd.ServiceDefaults/Agentd.ServiceDefaults.csproj" />
    <Project Path="src/Agentd.Web/Agentd.Web.csproj" />
  </Folder>
  <Folder Name="/tests/">
    <Project Path="tests/Agentd.Application.Tests/Agentd.Application.Tests.csproj" />
    <Project Path="tests/Agentd.ArchitectureTests/Agentd.ArchitectureTests.csproj" />
    <Project Path="tests/Agentd.Bff.Tests/Agentd.Bff.Tests.csproj" />
    <Project Path="tests/Agentd.Domain.Tests/Agentd.Domain.Tests.csproj" />
    <Project Path="tests/Agentd.Infrastructure.Tests/Agentd.Infrastructure.Tests.csproj" />
    <Project Path="tests/Agentd.Migrator.Tests/Agentd.Migrator.Tests.csproj" />
    <Project Path="tests/Agentd.Web.Tests/Agentd.Web.Tests.csproj" />
  </Folder>
</Solution>
